
Microsoft Visual Studio Solution File, Format Version 12.00
# Visual Studio Version 17
VisualStudioVersion = 17.2.32516.85
MinimumVisualStudioVersion = 10.0.40219.1
Project("{8BC9CEB8-8B4A-11D0-8D11-00A0C91BC942}") = "Pro3.3B", "Pro3.3B\Pro3.3B.vcxproj", "{3C8E05B1-6E2E-42E3-A816-2D3EAAD6C190}"
EndProject
Project("{8BC9CEB8-8B4A-11D0-8D11-00A0C91BC942}") = "UnitTest1", "UnitTest1\UnitTest1.vcxproj", "{5DF9C326-C28F-4543-8EE1-5BA2544D5035}"
EndProject
Global
	GlobalSection(SolutionConfigurationPlatforms) = preSolution
		Debug|x64 = Debug|x64
		Debug|x86 = Debug|x86
		Release|x64 = Release|x64
		Release|x86 = Release|x86
	EndGlobalSection
	GlobalSection(ProjectConfigurationPlatforms) = postSolution
		{3C8E05B1-6E2E-42E3-A816-2D3EAAD6C190}.Debug|x64.ActiveCfg = Debug|x64
		{3C8E05B1-6E2E-42E3-A816-2D3EAAD6C190}.Debug|x64.Build.0 = Debug|x64
		{3C8E05B1-6E2E-42E3-A816-2D3EAAD6C190}.Debug|x86.ActiveCfg = Debug|Win32
		{3C8E05B1-6E2E-42E3-A816-2D3EAAD6C190}.Debug|x86.Build.0 = Debug|Win32
		{3C8E05B1-6E2E-42E3-A816-2D3EAAD6C190}.Release|x64.ActiveCfg = Release|x64
		{3C8E05B1-6E2E-42E3-A816-2D3EAAD6C190}.Release|x64.Build.0 = Release|x64
		{3C8E05B1-6E2E-42E3-A816-2D3EAAD6C190}.Release|x86.ActiveCfg = Release|Win32
		{3C8E05B1-6E2E-42E3-A816-2D3EAAD6C190}.Release|x86.Build.0 = Release|Win32
		{5DF9C326-C28F-4543-8EE1-5BA2544D5035}.Debug|x64.ActiveCfg = Debug|x64
		{5DF9C326-C28F-4543-8EE1-5BA2544D5035}.Debug|x64.Build.0 = Debug|x64
		{5DF9C326-C28F-4543-8EE1-5BA2544D5035}.Debug|x86.ActiveCfg = Debug|Win32
		{5DF9C326-C28F-4543-8EE1-5BA2544D5035}.Debug|x86.Build.0 = Debug|Win32
		{5DF9C326-C28F-4543-8EE1-5BA2544D5035}.Release|x64.ActiveCfg = Release|x64
		{5DF9C326-C28F-4543-8EE1-5BA2544D5035}.Release|x64.Build.0 = Release|x64
		{5DF9C326-C28F-4543-8EE1-5BA2544D5035}.Release|x86.ActiveCfg = Release|Win32
		{5DF9C326-C28F-4543-8EE1-5BA2544D5035}.Release|x86.Build.0 = Release|Win32
	EndGlobalSection
	GlobalSection(SolutionProperties) = preSolution
		HideSolutionNode = FALSE
	EndGlobalSection
	GlobalSection(ExtensibilityGlobals) = postSolution
		SolutionGuid = {57045A1A-1601-4CA7-A55D-760EA0EC4A93}
	EndGlobalSection
EndGlobal
